// !$*UTF8*$!
{
	archiveVersion = 1;
	classes = {
	};
	objectVersion = 48;
	objects = {

/* Begin PBXBuildFile section */
		041E2BAC1F9EF0370036687C /* AppDelegate.swift in Sources */ = {isa = PBXBuildFile; fileRef = 041E2BAB1F9EF0370036687C /* AppDelegate.swift */; };
		041E2BAE1F9EF0370036687C /* ViewController.swift in Sources */ = {isa = PBXBuildFile; fileRef = 041E2BAD1F9EF0370036687C /* ViewController.swift */; };
		041E2BB01F9EF0370036687C /* Assets.xcassets in Resources */ = {isa = PBXBuildFile; fileRef = 041E2BAF1F9EF0370036687C /* Assets.xcassets */; };
		041E2BB31F9EF0370036687C /* Main.storyboard in Resources */ = {isa = PBXBuildFile; fileRef = 041E2BB11F9EF0370036687C /* Main.storyboard */; };
		041E2BBC1F9EF3450036687C /* FloatingPannel.swift in Sources */ = {isa = PBXBuildFile; fileRef = 041E2BBB1F9EF3450036687C /* FloatingPannel.swift */; };
/* End PBXBuildFile section */

/* Begin PBXFileReference section */
		041E2BA81F9EF0370036687C /* FloatingToggl.app */ = {isa = PBXFileReference; explicitFileType = wrapper.application; includeInIndex = 0; path = FloatingToggl.app; sourceTree = BUILT_PRODUCTS_DIR; };
		041E2BAB1F9EF0370036687C /* AppDelegate.swift */ = {isa = PBXFileReference; lastKnownFileType = sourcecode.swift; path = AppDelegate.swift; sourceTree = "<group>"; };
		041E2BAD1F9EF0370036687C /* ViewController.swift */ = {isa = PBXFileReference; lastKnownFileType = sourcecode.swift; path = ViewController.swift; sourceTree = "<group>"; };
		041E2BAF1F9EF0370036687C /* Assets.xcassets */ = {isa = PBXFileReference; lastKnownFileType = folder.assetcatalog; path = Assets.xcassets; sourceTree = "<group>"; };
		041E2BB21F9EF0370036687C /* Base */ = {isa = PBXFileReference; lastKnownFileType = file.storyboard; name = Base; path = Base.lproj/Main.storyboard; sourceTree = "<group>"; };
		041E2BB41F9EF0370036687C /* Info.plist */ = {isa = PBXFileReference; lastKnownFileType = text.plist.xml; path = Info.plist; sourceTree = "<group>"; };
		041E2BB51F9EF0370036687C /* FloatingToggl.entitlements */ = {isa = PBXFileReference; lastKnownFileType = text.plist.entitlements; path = FloatingToggl.entitlements; sourceTree = "<group>"; };
		041E2BBB1F9EF3450036687C /* FloatingPannel.swift */ = {isa = PBXFileReference; lastKnownFileType = sourcecode.swift; path = FloatingPannel.swift; sourceTree = "<group>"; };
/* End PBXFileReference section */

/* Begin PBXFrameworksBuildPhase section */
		041E2BA51F9EF0370036687C /* Frameworks */ = {
			isa = PBXFrameworksBuildPhase;
			buildActionMask = 2147483647;
			files = (
			);
			runOnlyForDeploymentPostprocessing = 0;
		};
/* End PBXFrameworksBuildPhase section */

/* Begin PBXGroup section */
		041E2B9F1F9EF0370036687C = {
			isa = PBXGroup;
			children = (
				041E2BAA1F9EF0370036687C /* FloatingToggl */,
				041E2BA91F9EF0370036687C /* Products */,
			);
			sourceTree = "<group>";
		};
		041E2BA91F9EF0370036687C /* Products */ = {
			isa = PBXGroup;
			children = (
				041E2BA81F9EF0370036687C /* FloatingToggl.app */,
			);
			name = Products;
			sourceTree = "<group>";
		};
		041E2BAA1F9EF0370036687C /* FloatingToggl */ = {
			isa = PBXGroup;
			children = (
				041E2BAB1F9EF0370036687C /* AppDelegate.swift */,
				041E2BAD1F9EF0370036687C /* ViewController.swift */,
				041E2BBB1F9EF3450036687C /* FloatingPannel.swift */,
				041E2BAF1F9EF0370036687C /* Assets.xcassets */,
				041E2BB11F9EF0370036687C /* Main.storyboard */,
				041E2BB41F9EF0370036687C /* Info.plist */,
				041E2BB51F9EF0370036687C /* FloatingToggl.entitlements */,
			);
			path = FloatingToggl;
			sourceTree = "<group>";
		};
/* End PBXGroup section */

/* Begin PBXNativeTarget section */
		041E2BA71F9EF0370036687C /* FloatingToggl */ = {
			isa = PBXNativeTarget;
			buildConfigurationList = 041E2BB81F9EF0370036687C /* Build configuration list for PBXNativeTarget "FloatingToggl" */;
			buildPhases = (
				041E2BA41F9EF0370036687C /* Sources */,
				041E2BA51F9EF0370036687C /* Frameworks */,
				041E2BA61F9EF0370036687C /* Resources */,
			);
			buildRules = (
			);
			dependencies = (
			);
			name = FloatingToggl;
			productName = FloatingToggl;
			productReference = 041E2BA81F9EF0370036687C /* FloatingToggl.app */;
			productType = "com.apple.product-type.application";
		};
/* End PBXNativeTarget section */

/* Begin PBXProject section */
		041E2BA01F9EF0370036687C /* Project object */ = {
			isa = PBXProject;
			attributes = {
				LastSwiftUpdateCheck = 0900;
				LastUpgradeCheck = 0900;
				ORGANIZATIONNAME = matrix;
				TargetAttributes = {
					041E2BA71F9EF0370036687C = {
						CreatedOnToolsVersion = 9.0;
						ProvisioningStyle = Automatic;
					};
				};
			};
			buildConfigurationList = 041E2BA31F9EF0370036687C /* Build configuration list for PBXProject "FloatingToggl" */;
			compatibilityVersion = "Xcode 8.0";
			developmentRegion = en;
			hasScannedForEncodings = 0;
			knownRegions = (
				en,
				Base,
			);
			mainGroup = 041E2B9F1F9EF0370036687C;
			productRefGroup = 041E2BA91F9EF0370036687C /* Products */;
			projectDirPath = "";
			projectRoot = "";
			targets = (
				041E2BA71F9EF0370036687C /* FloatingToggl */,
			);
		};
/* End PBXProject section */

/* Begin PBXResourcesBuildPhase section */
		041E2BA61F9EF0370036687C /* Resources */ = {
			isa = PBXResourcesBuildPhase;
			buildActionMask = 2147483647;
			files = (
				041E2BB01F9EF0370036687C /* Assets.xcassets in Resources */,
				041E2BB31F9EF0370036687C /* Main.storyboard in Resources */,
			);
			runOnlyForDeploymentPostprocessing = 0;
		};
/* End PBXResourcesBuildPhase section */

/* Begin PBXSourcesBuildPhase section */
		041E2BA41F9EF0370036687C /* Sources */ = {
			isa = PBXSourcesBuildPhase;
			buildActionMask = 2147483647;
			files = (
				041E2BAE1F9EF0370036687C /* ViewController.swift in Sources */,
				041E2BBC1F9EF3450036687C /* FloatingPannel.swift in Sources */,
				041E2BAC1F9EF0370036687C /* AppDelegate.swift in Sources */,
			);
			runOnlyForDeploymentPostprocessing = 0;
		};
/* End PBXSourcesBuildPhase section */

/* Begin PBXVariantGroup section */
		041E2BB11F9EF0370036687C /* Main.storyboard */ = {
			isa = PBXVariantGroup;
			children = (
				041E2BB21F9EF0370036687C /* Base */,
			);
			name = Main.storyboard;
			sourceTree = "<group>";
		};
/* End PBXVariantGroup section */

/* Begin XCBuildConfiguration section */
		041E2BB61F9EF0370036687C /* Debug */ = {
			isa = XCBuildConfiguration;
			buildSettings = {
				ALWAYS_SEARCH_USER_PATHS = NO;
				CLANG_ANALYZER_NONNULL = YES;
				CLANG_ANALYZER_NUMBER_OBJECT_CONVERSION = YES_AGGRESSIVE;
				CLANG_CXX_LANGUAGE_STANDARD = "gnu++14";
				CLANG_CXX_LIBRARY = "libc++";
				CLANG_ENABLE_MODULES = YES;
				CLANG_ENABLE_OBJC_ARC = YES;
				CLANG_WARN_BLOCK_CAPTURE_AUTORELEASING = YES;
				CLANG_WARN_BOOL_CONVERSION = YES;
				CLANG_WARN_COMMA = YES;
				CLANG_WARN_CONSTANT_CONVERSION = YES;
				CLANG_WARN_DIRECT_OBJC_ISA_USAGE = YES_ERROR;
				CLANG_WARN_DOCUMENTATION_COMMENTS = YES;
				CLANG_WARN_EMPTY_BODY = YES;
				CLANG_WARN_ENUM_CONVERSION = YES;
				CLANG_WARN_INFINITE_RECURSION = YES;
				CLANG_WARN_INT_CONVERSION = YES;
				CLANG_WARN_NON_LITERAL_NULL_CONVERSION = YES;
				CLANG_WARN_OBJC_LITERAL_CONVERSION = YES;
				CLANG_WARN_OBJC_ROOT_CLASS = YES_ERROR;
				CLANG_WARN_RANGE_LOOP_ANALYSIS = YES;
				CLANG_WARN_STRICT_PROTOTYPES = YES;
				CLANG_WARN_SUSPICIOUS_MOVE = YES;
				CLANG_WARN_UNGUARDED_AVAILABILITY = YES_AGGRESSIVE;
				CLANG_WARN_UNREACHABLE_CODE = YES;
				CLANG_WARN__DUPLICATE_METHOD_MATCH = YES;
				CODE_SIGN_IDENTITY = "Mac Developer";
				COPY_PHASE_STRIP = NO;
				DEBUG_INFORMATION_FORMAT = dwarf;
				ENABLE_STRICT_OBJC_MSGSEND = YES;
				ENABLE_TESTABILITY = YES;
				GCC_C_LANGUAGE_STANDARD = gnu11;
				GCC_DYNAMIC_NO_PIC = NO;
				GCC_NO_COMMON_BLOCKS = YES;
				GCC_OPTIMIZATION_LEVEL = 0;
				GCC_PREPROCESSOR_DEFINITIONS = (
					"DEBUG=1",
					"$(inherited)",
				);
				GCC_WARN_64_TO_32_BIT_CONVERSION = YES;
				GCC_WARN_ABOUT_RETURN_TYPE = YES_ERROR;
				GCC_WARN_UNDECLARED_SELECTOR = YES;
				GCC_WARN_UNINITIALIZED_AUTOS = YES_AGGRESSIVE;
				GCC_WARN_UNUSED_FUNCTION = YES;
				GCC_WARN_UNUSED_VARIABLE = YES;
				MACOSX_DEPLOYMENT_TARGET = 10.12;
				MTL_ENABLE_DEBUG_INFO = YES;
				ONLY_ACTIVE_ARCH = YES;
				SDKROOT = macosx;
				SWIFT_ACTIVE_COMPILATION_CONDITIONS = DEBUG;
				SWIFT_OPTIMIZATION_LEVEL = "-Onone";
			};
			name = Debug;
		};
		041E2BB71F9EF0370036687C /* Release */ = {
			isa = XCBuildConfiguration;
			buildSettings = {
				ALWAYS_SEARCH_USER_PATHS = NO;
				CLANG_ANALYZER_NONNULL = YES;
				CLANG_ANALYZER_NUMBER_OBJECT_CONVERSION = YES_AGGRESSIVE;
				CLANG_CXX_LANGUAGE_STANDARD = "gnu++14";
				CLANG_CXX_LIBRARY = "libc++";
				CLANG_ENABLE_MODULES = YES;
				CLANG_ENABLE_OBJC_ARC = YES;
				CLANG_WARN_BLOCK_CAPTURE_AUTORELEASING = YES;
				CLANG_WARN_BOOL_CONVERSION = YES;
				CLANG_WARN_COMMA = YES;
				CLANG_WARN_CONSTANT_CONVERSION = YES;
				CLANG_WARN_DIRECT_OBJC_ISA_USAGE = YES_ERROR;
				CLANG_WARN_DOCUMENTATION_COMMENTS = YES;
				CLANG_WARN_EMPTY_BODY = YES;
				CLANG_WARN_ENUM_CONVERSION = YES;
				CLANG_WARN_INFINITE_RECURSION = YES;
				CLANG_WARN_INT_CONVERSION = YES;
				CLANG_WARN_NON_LITERAL_NULL_CONVERSION = YES;
				CLANG_WARN_OBJC_LITERAL_CONVERSION = YES;
				CLANG_WARN_OBJC_ROOT_CLASS = YES_ERROR;
				CLANG_WARN_RANGE_LOOP_ANALYSIS = YES;
				CLANG_WARN_STRICT_PROTOTYPES = YES;
				CLANG_WARN_SUSPICIOUS_MOVE = YES;
				CLANG_WARN_UNGUARDED_AVAILABILITY = YES_AGGRESSIVE;
				CLANG_WARN_UNREACHABLE_CODE = YES;
				CLANG_WARN__DUPLICATE_METHOD_MATCH = YES;
				CODE_SIGN_IDENTITY = "Mac Developer";
				COPY_PHASE_STRIP = NO;
				DEBUG_INFORMATION_FORMAT = "dwarf-with-dsym";
				ENABLE_NS_ASSERTIONS = NO;
				ENABLE_STRICT_OBJC_MSGSEND = YES;
				GCC_C_LANGUAGE_STANDARD = gnu11;
				GCC_NO_COMMON_BLOCKS = YES;
				GCC_WARN_64_TO_32_BIT_CONVERSION = YES;
				GCC_WARN_ABOUT_RETURN_TYPE = YES_ERROR;
				GCC_WARN_UNDECLARED_SELECTOR = YES;
				GCC_WARN_UNINITIALIZED_AUTOS = YES_AGGRESSIVE;
				GCC_WARN_UNUSED_FUNCTION = YES;
				GCC_WARN_UNUSED_VARIABLE = YES;
				MACOSX_DEPLOYMENT_TARGET = 10.12;
				MTL_ENABLE_DEBUG_INFO = NO;
				SDKROOT = macosx;
				SWIFT_OPTIMIZATION_LEVEL = "-Owholemodule";
			};
			name = Release;
		};
		041E2BB91F9EF0370036687C /* Debug */ = {
			isa = XCBuildConfiguration;
			buildSettings = {
				ASSETCATALOG_COMPILER_APPICON_NAME = AppIcon;
				CODE_SIGN_ENTITLEMENTS = FloatingToggl/FloatingToggl.entitlements;
				CODE_SIGN_STYLE = Automatic;
				COMBINE_HIDPI_IMAGES = YES;
				DEVELOPMENT_TEAM = 7CRYNR44B3;
				INFOPLIST_FILE = FloatingToggl/Info.plist;
				LD_RUNPATH_SEARCH_PATHS = "$(inherited) @executable_path/../Frameworks";
				PRODUCT_BUNDLE_IDENTIFIER = com.matrix.FloatingToggl;
				PRODUCT_NAME = "$(TARGET_NAME)";
				SWIFT_VERSION = 4.0;
			};
			name = Debug;
		};
		041E2BBA1F9EF0370036687C /* Release */ = {
			isa = XCBuildConfiguration;
			buildSettings = {
				ASSETCATALOG_COMPILER_APPICON_NAME = AppIcon;
				CODE_SIGN_ENTITLEMENTS = FloatingToggl/FloatingToggl.entitlements;
				CODE_SIGN_STYLE = Automatic;
				COMBINE_HIDPI_IMAGES = YES;
				DEVELOPMENT_TEAM = 7CRYNR44B3;
				INFOPLIST_FILE = FloatingToggl/Info.plist;
				LD_RUNPATH_SEARCH_PATHS = "$(inherited) @executable_path/../Frameworks";
				PRODUCT_BUNDLE_IDENTIFIER = com.matrix.FloatingToggl;
				PRODUCT_NAME = "$(TARGET_NAME)";
				SWIFT_VERSION = 4.0;
			};
			name = Release;
		};
/* End XCBuildConfiguration section */

/* Begin XCConfigurationList section */
		041E2BA31F9EF0370036687C /* Build configuration list for PBXProject "FloatingToggl" */ = {
			isa = XCConfigurationList;
			buildConfigurations = (
				041E2BB61F9EF0370036687C /* Debug */,
				041E2BB71F9EF0370036687C /* Release */,
			);
			defaultConfigurationIsVisible = 0;
			defaultConfigurationName = Release;
		};
		041E2BB81F9EF0370036687C /* Build configuration list for PBXNativeTarget "FloatingToggl" */ = {
			isa = XCConfigurationList;
			buildConfigurations = (
				041E2BB91F9EF0370036687C /* Debug */,
				041E2BBA1F9EF0370036687C /* Release */,
			);
			defaultConfigurationIsVisible = 0;
			defaultConfigurationName = Release;
		};
/* End XCConfigurationList section */
	};
	rootObject = 041E2BA01F9EF0370036687C /* Project object */;
}
